
Microsoft Visual Studio Solution File, Format Version 12.00
# Visual Studio Version 17
VisualStudioVersion = 17.6.33829.357
MinimumVisualStudioVersion = 10.0.40219.1
Project("{FAE04EC0-301F-11D3-BF4B-00C04F79EFBC}") = "GymEtitc", "GymEtitc\GymEtitc.csproj", "{D032B1FD-8D82-46EA-A5F6-A47236B75447}"
EndProject
Global
	GlobalSection(SolutionConfigurationPlatforms) = preSolution
		Debug|Any CPU = Debug|Any CPU
		Release|Any CPU = Release|Any CPU
	EndGlobalSection
	GlobalSection(ProjectConfigurationPlatforms) = postSolution
		{D032B1FD-8D82-46EA-A5F6-A47236B75447}.Debug|Any CPU.ActiveCfg = Debug|Any CPU
		{D032B1FD-8D82-46EA-A5F6-A47236B75447}.Debug|Any CPU.Build.0 = Debug|Any CPU
		{D032B1FD-8D82-46EA-A5F6-A47236B75447}.Release|Any CPU.ActiveCfg = Release|Any CPU
		{D032B1FD-8D82-46EA-A5F6-A47236B75447}.Release|Any CPU.Build.0 = Release|Any CPU
	EndGlobalSection
	GlobalSection(SolutionProperties) = preSolution
		HideSolutionNode = FALSE
	EndGlobalSection
	GlobalSection(ExtensibilityGlobals) = postSolution
		SolutionGuid = {3894975F-CD21-40A0-911B-4CD7E4857D1E}
	EndGlobalSection
EndGlobal
